# This file is autogenerated, do not edit; changes may be undone by the next 'dep ensure'.


[[projects]]
  branch = "master"
  digest = "1:ef5b0622d834c139454148b8fd0c92bb314828900532b267ae62da9fec109866"
  name = "github.com/armon/go-metrics"
  packages = ["."]
  pruneopts = "UT"
  revision = "3c58d8115a78a6879e5df75ae900846768d36895"

[[projects]]
  digest = "1:0f98f59e9a2f4070d66f0c9c39561f68fcd1dc837b22a852d28d0003aebd1b1e"
  name = "github.com/boltdb/bolt"
  packages = ["."]
  pruneopts = "UT"
  revision = "2f1ce7a837dcb8da3ec595b1dac9d0632f0f99e8"
  version = "v1.3.1"

[[projects]]
  digest = "1:533e351b06215526e02c22abb66506c1ea4e73f6d1bd481b892d0dda5f7a7929"
  name = "github.com/gogo/protobuf"
  packages = [
    "gogoproto",
    "proto",
    "protoc-gen-gogo/descriptor",
  ]
  pruneopts = "UT"
  revision = "99cb9b23110011cc45571c901ecae6f6f5e65cd3"

[[projects]]
  branch = "master"
  digest = "1:2394f5a25132b3868eff44599cc28d44bdd0330806e34c495d754dd052df612b"
  name = "github.com/hashicorp/go-immutable-radix"
  packages = ["."]
  pruneopts = "UT"
  revision = "7f3cd4390caab3250a57f30efdb2a65dd7649ecf"

[[projects]]
  branch = "master"
  digest = "1:b8ba23b0b493e601d5ebaf21079bd3433eb304a5d73c0fb40b8aea526e94f46b"
  name = "github.com/hashicorp/go-msgpack"
  packages = ["codec"]
  pruneopts = "UT"
  revision = "fa3f63826f7c23912c15263591e65d54d080b458"

[[projects]]
  branch = "master"
  digest = "1:e0e3eb7886110c57a7c103fbc5fc419b1651d3014655b47b71f26809c2daeb1c"
  name = "github.com/hashicorp/golang-lru"
  packages = ["simplelru"]
  pruneopts = "UT"
  revision = "0fb14efe8c47ae851c0034ed7a448854d3d34cf3"

[[projects]]
  digest = "1:56f26733346010e935b1ddb0e1ffa00bb054133b3ddb3f481261d27a7ae914df"
  name = "github.com/hashicorp/raft"
  packages = ["."]
  pruneopts = "UT"
  revision = "6d14f0c70869faabd9e60ba7ed88a6cbbd6a661f"
  version = "v1.0.0"

[[projects]]
  digest = "1:f85d5a8b6fc312e0c047815585c19b67b8904d210456738cd23751b0bf9af853"
  name = "github.com/nats-io/gnatsd"
  packages = [
    "conf",
    "logger",
    "server",
    "server/pse",
    "util",
  ]
  pruneopts = "UT"
  revision = "add6d7930ae6d4bff8823b28999ea87bf1bfd23d"
  version = "v1.1.0"

[[projects]]
  digest = "1:9f238cfa2df74a7ca410c29076c8c66e41dfab90260087752bfcf9828d35b3e6"
  name = "github.com/nats-io/go-nats"
  packages = [
    ".",
    "encoders/builtin",
    "util",
  ]
  pruneopts = "UT"
  revision = "2485387d6ede89c1c8c3445cd1935fd41a2e9ee9"

[[projects]]
  digest = "1:4601a92f47cf05e20c12fbe926076d7d0900f08c0025ad13a4ea165fd6944273"
  name = "github.com/nats-io/go-nats-streaming"
  packages = ["pb"]
  pruneopts = "UT"
  revision = "c6a960c17758f63fdbbb01d26f77f28e501b528c"

[[projects]]
  digest = "1:3ff1cb61cfdc8a7cf5fcda5fbccd683fbf3925b1a43279f50021cbca035935e4"
  name = "github.com/nats-io/nats-streaming-server"
  packages = [
    "logger",
    "server",
    "spb",
    "stores",
    "util",
  ]
  pruneopts = "UT"
  revision = "63e2c334b66dba3edade0047625a25c0d8f18f80"
  version = "v0.10.2"

[[projects]]
  digest = "1:c3cd663f2f30b92536b9f290ac85c6310dae36a14cb8961553ae9ccf0d85ae41"
  name = "github.com/nats-io/nuid"
  packages = ["."]
  pruneopts = "UT"
  revision = "289cccf02c178dc782430d534e3c1f5b72af807f"
  version = "v1.0.0"

[[projects]]
  digest = "1:d1e7e84639b5d93ba5426c0d6e83d6048f40e8fadfffd5281b9645af91fa0c87"
  name = "golang.org/x/crypto"
  packages = [
    "bcrypt",
    "blowfish",
    "ssh/terminal",
  ]
  pruneopts = "UT"
  revision = "9477e0b78b9ac3d0b03822fd95422e2fe07627cd"

[[projects]]
  branch = "master"
  digest = "1:21af7ae66687e96119e28d9d3a9e8aa421b0d0464069074d941db7d43f227535"
  name = "golang.org/x/sys"
  packages = [
    "unix",
    "windows",
    "windows/registry",
    "windows/svc",
    "windows/svc/debug",
    "windows/svc/eventlog",
    "windows/svc/mgr",
  ]
  pruneopts = "UT"
  revision = "0ffbfd41fbef8ffcf9b62b0b0aa3a5873ed7a4fe"

[solve-meta]
  analyzer-name = "dep"
  analyzer-version = 1
  input-imports = ["github.com/nats-io/nats-streaming-server/server"]
  solver-name = "gps-cdcl"
  solver-version = 1
